// !$*UTF8*$!
{
	archiveVersion = 1;
	classes = {
	};
	objectVersion = 50;
	objects = {

/* Begin PBXBuildFile section */
		F0A7901F23177B4800069652 /* AppDelegate.swift in Sources */ = {isa = PBXBuildFile; fileRef = F0A7901E23177B4800069652 /* AppDelegate.swift */; };
		F0A7902123177B4800069652 /* ViewController.swift in Sources */ = {isa = PBXBuildFile; fileRef = F0A7902023177B4800069652 /* ViewController.swift */; };
		F0A7902423177B4800069652 /* Main.storyboard in Resources */ = {isa = PBXBuildFile; fileRef = F0A7902223177B4800069652 /* Main.storyboard */; };
		F0A7902723177B4800069652 /* lesson3_1.xcdatamodeld in Sources */ = {isa = PBXBuildFile; fileRef = F0A7902523177B4800069652 /* lesson3_1.xcdatamodeld */; };
		F0A7902923177B4A00069652 /* Assets.xcassets in Resources */ = {isa = PBXBuildFile; fileRef = F0A7902823177B4A00069652 /* Assets.xcassets */; };
		F0A7902C23177B4A00069652 /* LaunchScreen.storyboard in Resources */ = {isa = PBXBuildFile; fileRef = F0A7902A23177B4A00069652 /* LaunchScreen.storyboard */; };
		F0A7903723177B4A00069652 /* lesson3_1Tests.swift in Sources */ = {isa = PBXBuildFile; fileRef = F0A7903623177B4A00069652 /* lesson3_1Tests.swift */; };
		F0A7904223177B4A00069652 /* lesson3_1UITests.swift in Sources */ = {isa = PBXBuildFile; fileRef = F0A7904123177B4A00069652 /* lesson3_1UITests.swift */; };
/* End PBXBuildFile section */

/* Begin PBXContainerItemProxy section */
		F0A7903323177B4A00069652 /* PBXContainerItemProxy */ = {
			isa = PBXContainerItemProxy;
			containerPortal = F0A7901323177B4800069652 /* Project object */;
			proxyType = 1;
			remoteGlobalIDString = F0A7901A23177B4800069652;
			remoteInfo = lesson3.1;
		};
		F0A7903E23177B4A00069652 /* PBXContainerItemProxy */ = {
			isa = PBXContainerItemProxy;
			containerPortal = F0A7901323177B4800069652 /* Project object */;
			proxyType = 1;
			remoteGlobalIDString = F0A7901A23177B4800069652;
			remoteInfo = lesson3.1;
		};
/* End PBXContainerItemProxy section */

/* Begin PBXFileReference section */
		F0A7901B23177B4800069652 /* lesson3.1.app */ = {isa = PBXFileReference; explicitFileType = wrapper.application; includeInIndex = 0; path = lesson3.1.app; sourceTree = BUILT_PRODUCTS_DIR; };
		F0A7901E23177B4800069652 /* AppDelegate.swift */ = {isa = PBXFileReference; lastKnownFileType = sourcecode.swift; path = AppDelegate.swift; sourceTree = "<group>"; };
		F0A7902023177B4800069652 /* ViewController.swift */ = {isa = PBXFileReference; lastKnownFileType = sourcecode.swift; path = ViewController.swift; sourceTree = "<group>"; };
		F0A7902323177B4800069652 /* Base */ = {isa = PBXFileReference; lastKnownFileType = file.storyboard; name = Base; path = Base.lproj/Main.storyboard; sourceTree = "<group>"; };
		F0A7902623177B4800069652 /* lesson3_1.xcdatamodel */ = {isa = PBXFileReference; lastKnownFileType = wrapper.xcdatamodel; path = lesson3_1.xcdatamodel; sourceTree = "<group>"; };
		F0A7902823177B4A00069652 /* Assets.xcassets */ = {isa = PBXFileReference; lastKnownFileType = folder.assetcatalog; path = Assets.xcassets; sourceTree = "<group>"; };
		F0A7902B23177B4A00069652 /* Base */ = {isa = PBXFileReference; lastKnownFileType = file.storyboard; name = Base; path = Base.lproj/LaunchScreen.storyboard; sourceTree = "<group>"; };
		F0A7902D23177B4A00069652 /* Info.plist */ = {isa = PBXFileReference; lastKnownFileType = text.plist.xml; path = Info.plist; sourceTree = "<group>"; };
		F0A7903223177B4A00069652 /* lesson3.1Tests.xctest */ = {isa = PBXFileReference; explicitFileType = wrapper.cfbundle; includeInIndex = 0; path = lesson3.1Tests.xctest; sourceTree = BUILT_PRODUCTS_DIR; };
		F0A7903623177B4A00069652 /* lesson3_1Tests.swift */ = {isa = PBXFileReference; lastKnownFileType = sourcecode.swift; path = lesson3_1Tests.swift; sourceTree = "<group>"; };
		F0A7903823177B4A00069652 /* Info.plist */ = {isa = PBXFileReference; lastKnownFileType = text.plist.xml; path = Info.plist; sourceTree = "<group>"; };
		F0A7903D23177B4A00069652 /* lesson3.1UITests.xctest */ = {isa = PBXFileReference; explicitFileType = wrapper.cfbundle; includeInIndex = 0; path = lesson3.1UITests.xctest; sourceTree = BUILT_PRODUCTS_DIR; };
		F0A7904123177B4A00069652 /* lesson3_1UITests.swift */ = {isa = PBXFileReference; lastKnownFileType = sourcecode.swift; path = lesson3_1UITests.swift; sourceTree = "<group>"; };
		F0A7904323177B4A00069652 /* Info.plist */ = {isa = PBXFileReference; lastKnownFileType = text.plist.xml; path = Info.plist; sourceTree = "<group>"; };
/* End PBXFileReference section */

/* Begin PBXFrameworksBuildPhase section */
		F0A7901823177B4800069652 /* Frameworks */ = {
			isa = PBXFrameworksBuildPhase;
			buildActionMask = 2147483647;
			files = (
			);
			runOnlyForDeploymentPostprocessing = 0;
		};
		F0A7902F23177B4A00069652 /* Frameworks */ = {
			isa = PBXFrameworksBuildPhase;
			buildActionMask = 2147483647;
			files = (
			);
			runOnlyForDeploymentPostprocessing = 0;
		};
		F0A7903A23177B4A00069652 /* Frameworks */ = {
			isa = PBXFrameworksBuildPhase;
			buildActionMask = 2147483647;
			files = (
			);
			runOnlyForDeploymentPostprocessing = 0;
		};
/* End PBXFrameworksBuildPhase section */

/* Begin PBXGroup section */
		F0A7901223177B4800069652 = {
			isa = PBXGroup;
			children = (
				F0A7901D23177B4800069652 /* lesson3.1 */,
				F0A7903523177B4A00069652 /* lesson3.1Tests */,
				F0A7904023177B4A00069652 /* lesson3.1UITests */,
				F0A7901C23177B4800069652 /* Products */,
			);
			sourceTree = "<group>";
		};
		F0A7901C23177B4800069652 /* Products */ = {
			isa = PBXGroup;
			children = (
				F0A7901B23177B4800069652 /* lesson3.1.app */,
				F0A7903223177B4A00069652 /* lesson3.1Tests.xctest */,
				F0A7903D23177B4A00069652 /* lesson3.1UITests.xctest */,
			);
			name = Products;
			sourceTree = "<group>";
		};
		F0A7901D23177B4800069652 /* lesson3.1 */ = {
			isa = PBXGroup;
			children = (
				F0A7901E23177B4800069652 /* AppDelegate.swift */,
				F0A7902023177B4800069652 /* ViewController.swift */,
				F0A7902223177B4800069652 /* Main.storyboard */,
				F0A7902823177B4A00069652 /* Assets.xcassets */,
				F0A7902A23177B4A00069652 /* LaunchScreen.storyboard */,
				F0A7902D23177B4A00069652 /* Info.plist */,
				F0A7902523177B4800069652 /* lesson3_1.xcdatamodeld */,
			);
			path = lesson3.1;
			sourceTree = "<group>";
		};
		F0A7903523177B4A00069652 /* lesson3.1Tests */ = {
			isa = PBXGroup;
			children = (
				F0A7903623177B4A00069652 /* lesson3_1Tests.swift */,
				F0A7903823177B4A00069652 /* Info.plist */,
			);
			path = lesson3.1Tests;
			sourceTree = "<group>";
		};
		F0A7904023177B4A00069652 /* lesson3.1UITests */ = {
			isa = PBXGroup;
			children = (
				F0A7904123177B4A00069652 /* lesson3_1UITests.swift */,
				F0A7904323177B4A00069652 /* Info.plist */,
			);
			path = lesson3.1UITests;
			sourceTree = "<group>";
		};
/* End PBXGroup section */

/* Begin PBXNativeTarget section */
		F0A7901A23177B4800069652 /* lesson3.1 */ = {
			isa = PBXNativeTarget;
			buildConfigurationList = F0A7904623177B4A00069652 /* Build configuration list for PBXNativeTarget "lesson3.1" */;
			buildPhases = (
				F0A7901723177B4800069652 /* Sources */,
				F0A7901823177B4800069652 /* Frameworks */,
				F0A7901923177B4800069652 /* Resources */,
			);
			buildRules = (
			);
			dependencies = (
			);
			name = lesson3.1;
			productName = lesson3.1;
			productReference = F0A7901B23177B4800069652 /* lesson3.1.app */;
			productType = "com.apple.product-type.application";
		};
		F0A7903123177B4A00069652 /* lesson3.1Tests */ = {
			isa = PBXNativeTarget;
			buildConfigurationList = F0A7904923177B4A00069652 /* Build configuration list for PBXNativeTarget "lesson3.1Tests" */;
			buildPhases = (
				F0A7902E23177B4A00069652 /* Sources */,
				F0A7902F23177B4A00069652 /* Frameworks */,
				F0A7903023177B4A00069652 /* Resources */,
			);
			buildRules = (
			);
			dependencies = (
				F0A7903423177B4A00069652 /* PBXTargetDependency */,
			);
			name = lesson3.1Tests;
			productName = lesson3.1Tests;
			productReference = F0A7903223177B4A00069652 /* lesson3.1Tests.xctest */;
			productType = "com.apple.product-type.bundle.unit-test";
		};
		F0A7903C23177B4A00069652 /* lesson3.1UITests */ = {
			isa = PBXNativeTarget;
			buildConfigurationList = F0A7904C23177B4A00069652 /* Build configuration list for PBXNativeTarget "lesson3.1UITests" */;
			buildPhases = (
				F0A7903923177B4A00069652 /* Sources */,
				F0A7903A23177B4A00069652 /* Frameworks */,
				F0A7903B23177B4A00069652 /* Resources */,
			);
			buildRules = (
			);
			dependencies = (
				F0A7903F23177B4A00069652 /* PBXTargetDependency */,
			);
			name = lesson3.1UITests;
			productName = lesson3.1UITests;
			productReference = F0A7903D23177B4A00069652 /* lesson3.1UITests.xctest */;
			productType = "com.apple.product-type.bundle.ui-testing";
		};
/* End PBXNativeTarget section */

/* Begin PBXProject section */
		F0A7901323177B4800069652 /* Project object */ = {
			isa = PBXProject;
			attributes = {
				LastSwiftUpdateCheck = 1030;
				LastUpgradeCheck = 1030;
				ORGANIZATIONNAME = "Zhassulan Aimukhambetov";
				TargetAttributes = {
					F0A7901A23177B4800069652 = {
						CreatedOnToolsVersion = 10.3;
					};
					F0A7903123177B4A00069652 = {
						CreatedOnToolsVersion = 10.3;
						TestTargetID = F0A7901A23177B4800069652;
					};
					F0A7903C23177B4A00069652 = {
						CreatedOnToolsVersion = 10.3;
						TestTargetID = F0A7901A23177B4800069652;
					};
				};
			};
			buildConfigurationList = F0A7901623177B4800069652 /* Build configuration list for PBXProject "lesson3.1" */;
			compatibilityVersion = "Xcode 9.3";
			developmentRegion = en;
			hasScannedForEncodings = 0;
			knownRegions = (
				en,
				Base,
			);
			mainGroup = F0A7901223177B4800069652;
			productRefGroup = F0A7901C23177B4800069652 /* Products */;
			projectDirPath = "";
			projectRoot = "";
			targets = (
				F0A7901A23177B4800069652 /* lesson3.1 */,
				F0A7903123177B4A00069652 /* lesson3.1Tests */,
				F0A7903C23177B4A00069652 /* lesson3.1UITests */,
			);
		};
/* End PBXProject section */

/* Begin PBXResourcesBuildPhase section */
		F0A7901923177B4800069652 /* Resources */ = {
			isa = PBXResourcesBuildPhase;
			buildActionMask = 2147483647;
			files = (
				F0A7902C23177B4A00069652 /* LaunchScreen.storyboard in Resources */,
				F0A7902923177B4A00069652 /* Assets.xcassets in Resources */,
				F0A7902423177B4800069652 /* Main.storyboard in Resources */,
			);
			runOnlyForDeploymentPostprocessing = 0;
		};
		F0A7903023177B4A00069652 /* Resources */ = {
			isa = PBXResourcesBuildPhase;
			buildActionMask = 2147483647;
			files = (
			);
			runOnlyForDeploymentPostprocessing = 0;
		};
		F0A7903B23177B4A00069652 /* Resources */ = {
			isa = PBXResourcesBuildPhase;
			buildActionMask = 2147483647;
			files = (
			);
			runOnlyForDeploymentPostprocessing = 0;
		};
/* End PBXResourcesBuildPhase section */

/* Begin PBXSourcesBuildPhase section */
		F0A7901723177B4800069652 /* Sources */ = {
			isa = PBXSourcesBuildPhase;
			buildActionMask = 2147483647;
			files = (
				F0A7902723177B4800069652 /* lesson3_1.xcdatamodeld in Sources */,
				F0A7902123177B4800069652 /* ViewController.swift in Sources */,
				F0A7901F23177B4800069652 /* AppDelegate.swift in Sources */,
			);
			runOnlyForDeploymentPostprocessing = 0;
		};
		F0A7902E23177B4A00069652 /* Sources */ = {
			isa = PBXSourcesBuildPhase;
			buildActionMask = 2147483647;
			files = (
				F0A7903723177B4A00069652 /* lesson3_1Tests.swift in Sources */,
			);
			runOnlyForDeploymentPostprocessing = 0;
		};
		F0A7903923177B4A00069652 /* Sources */ = {
			isa = PBXSourcesBuildPhase;
			buildActionMask = 2147483647;
			files = (
				F0A7904223177B4A00069652 /* lesson3_1UITests.swift in Sources */,
			);
			runOnlyForDeploymentPostprocessing = 0;
		};
/* End PBXSourcesBuildPhase section */

/* Begin PBXTargetDependency section */
		F0A7903423177B4A00069652 /* PBXTargetDependency */ = {
			isa = PBXTargetDependency;
			target = F0A7901A23177B4800069652 /* lesson3.1 */;
			targetProxy = F0A7903323177B4A00069652 /* PBXContainerItemProxy */;
		};
		F0A7903F23177B4A00069652 /* PBXTargetDependency */ = {
			isa = PBXTargetDependency;
			target = F0A7901A23177B4800069652 /* lesson3.1 */;
			targetProxy = F0A7903E23177B4A00069652 /* PBXContainerItemProxy */;
		};
/* End PBXTargetDependency section */

/* Begin PBXVariantGroup section */
		F0A7902223177B4800069652 /* Main.storyboard */ = {
			isa = PBXVariantGroup;
			children = (
				F0A7902323177B4800069652 /* Base */,
			);
			name = Main.storyboard;
			sourceTree = "<group>";
		};
		F0A7902A23177B4A00069652 /* LaunchScreen.storyboard */ = {
			isa = PBXVariantGroup;
			children = (
				F0A7902B23177B4A00069652 /* Base */,
			);
			name = LaunchScreen.storyboard;
			sourceTree = "<group>";
		};
/* End PBXVariantGroup section */

/* Begin XCBuildConfiguration section */
		F0A7904423177B4A00069652 /* Debug */ = {
			isa = XCBuildConfiguration;
			buildSettings = {
				ALWAYS_SEARCH_USER_PATHS = NO;
				CLANG_ANALYZER_NONNULL = YES;
				CLANG_ANALYZER_NUMBER_OBJECT_CONVERSION = YES_AGGRESSIVE;
				CLANG_CXX_LANGUAGE_STANDARD = "gnu++14";
				CLANG_CXX_LIBRARY = "libc++";
				CLANG_ENABLE_MODULES = YES;
				CLANG_ENABLE_OBJC_ARC = YES;
				CLANG_ENABLE_OBJC_WEAK = YES;
				CLANG_WARN_BLOCK_CAPTURE_AUTORELEASING = YES;
				CLANG_WARN_BOOL_CONVERSION = YES;
				CLANG_WARN_COMMA = YES;
				CLANG_WARN_CONSTANT_CONVERSION = YES;
				CLANG_WARN_DEPRECATED_OBJC_IMPLEMENTATIONS = YES;
				CLANG_WARN_DIRECT_OBJC_ISA_USAGE = YES_ERROR;
				CLANG_WARN_DOCUMENTATION_COMMENTS = YES;
				CLANG_WARN_EMPTY_BODY = YES;
				CLANG_WARN_ENUM_CONVERSION = YES;
				CLANG_WARN_INFINITE_RECURSION = YES;
				CLANG_WARN_INT_CONVERSION = YES;
				CLANG_WARN_NON_LITERAL_NULL_CONVERSION = YES;
				CLANG_WARN_OBJC_IMPLICIT_RETAIN_SELF = YES;
				CLANG_WARN_OBJC_LITERAL_CONVERSION = YES;
				CLANG_WARN_OBJC_ROOT_CLASS = YES_ERROR;
				CLANG_WARN_RANGE_LOOP_ANALYSIS = YES;
				CLANG_WARN_STRICT_PROTOTYPES = YES;
				CLANG_WARN_SUSPICIOUS_MOVE = YES;
				CLANG_WARN_UNGUARDED_AVAILABILITY = YES_AGGRESSIVE;
				CLANG_WARN_UNREACHABLE_CODE = YES;
				CLANG_WARN__DUPLICATE_METHOD_MATCH = YES;
				CODE_SIGN_IDENTITY = "iPhone Developer";
				COPY_PHASE_STRIP = NO;
				DEBUG_INFORMATION_FORMAT = dwarf;
				ENABLE_STRICT_OBJC_MSGSEND = YES;
				ENABLE_TESTABILITY = YES;
				GCC_C_LANGUAGE_STANDARD = gnu11;
				GCC_DYNAMIC_NO_PIC = NO;
				GCC_NO_COMMON_BLOCKS = YES;
				GCC_OPTIMIZATION_LEVEL = 0;
				GCC_PREPROCESSOR_DEFINITIONS = (
					"DEBUG=1",
					"$(inherited)",
				);
				GCC_WARN_64_TO_32_BIT_CONVERSION = YES;
				GCC_WARN_ABOUT_RETURN_TYPE = YES_ERROR;
				GCC_WARN_UNDECLARED_SELECTOR = YES;
				GCC_WARN_UNINITIALIZED_AUTOS = YES_AGGRESSIVE;
				GCC_WARN_UNUSED_FUNCTION = YES;
				GCC_WARN_UNUSED_VARIABLE = YES;
				IPHONEOS_DEPLOYMENT_TARGET = 12.4;
				MTL_ENABLE_DEBUG_INFO = INCLUDE_SOURCE;
				MTL_FAST_MATH = YES;
				ONLY_ACTIVE_ARCH = YES;
				SDKROOT = iphoneos;
				SWIFT_ACTIVE_COMPILATION_CONDITIONS = DEBUG;
				SWIFT_OPTIMIZATION_LEVEL = "-Onone";
			};
			name = Debug;
		};
		F0A7904523177B4A00069652 /* Release */ = {
			isa = XCBuildConfiguration;
			buildSettings = {
				ALWAYS_SEARCH_USER_PATHS = NO;
				CLANG_ANALYZER_NONNULL = YES;
				CLANG_ANALYZER_NUMBER_OBJECT_CONVERSION = YES_AGGRESSIVE;
				CLANG_CXX_LANGUAGE_STANDARD = "gnu++14";
				CLANG_CXX_LIBRARY = "libc++";
				CLANG_ENABLE_MODULES = YES;
				CLANG_ENABLE_OBJC_ARC = YES;
				CLANG_ENABLE_OBJC_WEAK = YES;
				CLANG_WARN_BLOCK_CAPTURE_AUTORELEASING = YES;
				CLANG_WARN_BOOL_CONVERSION = YES;
				CLANG_WARN_COMMA = YES;
				CLANG_WARN_CONSTANT_CONVERSION = YES;
				CLANG_WARN_DEPRECATED_OBJC_IMPLEMENTATIONS = YES;
				CLANG_WARN_DIRECT_OBJC_ISA_USAGE = YES_ERROR;
				CLANG_WARN_DOCUMENTATION_COMMENTS = YES;
				CLANG_WARN_EMPTY_BODY = YES;
				CLANG_WARN_ENUM_CONVERSION = YES;
				CLANG_WARN_INFINITE_RECURSION = YES;
				CLANG_WARN_INT_CONVERSION = YES;
				CLANG_WARN_NON_LITERAL_NULL_CONVERSION = YES;
				CLANG_WARN_OBJC_IMPLICIT_RETAIN_SELF = YES;
				CLANG_WARN_OBJC_LITERAL_CONVERSION = YES;
				CLANG_WARN_OBJC_ROOT_CLASS = YES_ERROR;
				CLANG_WARN_RANGE_LOOP_ANALYSIS = YES;
				CLANG_WARN_STRICT_PROTOTYPES = YES;
				CLANG_WARN_SUSPICIOUS_MOVE = YES;
				CLANG_WARN_UNGUARDED_AVAILABILITY = YES_AGGRESSIVE;
				CLANG_WARN_UNREACHABLE_CODE = YES;
				CLANG_WARN__DUPLICATE_METHOD_MATCH = YES;
				CODE_SIGN_IDENTITY = "iPhone Developer";
				COPY_PHASE_STRIP = NO;
				DEBUG_INFORMATION_FORMAT = "dwarf-with-dsym";
				ENABLE_NS_ASSERTIONS = NO;
				ENABLE_STRICT_OBJC_MSGSEND = YES;
				GCC_C_LANGUAGE_STANDARD = gnu11;
				GCC_NO_COMMON_BLOCKS = YES;
				GCC_WARN_64_TO_32_BIT_CONVERSION = YES;
				GCC_WARN_ABOUT_RETURN_TYPE = YES_ERROR;
				GCC_WARN_UNDECLARED_SELECTOR = YES;
				GCC_WARN_UNINITIALIZED_AUTOS = YES_AGGRESSIVE;
				GCC_WARN_UNUSED_FUNCTION = YES;
				GCC_WARN_UNUSED_VARIABLE = YES;
				IPHONEOS_DEPLOYMENT_TARGET = 12.4;
				MTL_ENABLE_DEBUG_INFO = NO;
				MTL_FAST_MATH = YES;
				SDKROOT = iphoneos;
				SWIFT_COMPILATION_MODE = wholemodule;
				SWIFT_OPTIMIZATION_LEVEL = "-O";
				VALIDATE_PRODUCT = YES;
			};
			name = Release;
		};
		F0A7904723177B4A00069652 /* Debug */ = {
			isa = XCBuildConfiguration;
			buildSettings = {
				ASSETCATALOG_COMPILER_APPICON_NAME = AppIcon;
				CODE_SIGN_STYLE = Automatic;
				DEVELOPMENT_TEAM = FRVXASC334;
				INFOPLIST_FILE = lesson3.1/Info.plist;
				LD_RUNPATH_SEARCH_PATHS = (
					"$(inherited)",
					"@executable_path/Frameworks",
				);
				PRODUCT_BUNDLE_IDENTIFIER = "Zhassulan-Aimukhambetov.lesson3-1";
				PRODUCT_NAME = "$(TARGET_NAME)";
				SWIFT_VERSION = 5.0;
				TARGETED_DEVICE_FAMILY = "1,2";
			};
			name = Debug;
		};
		F0A7904823177B4A00069652 /* Release */ = {
			isa = XCBuildConfiguration;
			buildSettings = {
				ASSETCATALOG_COMPILER_APPICON_NAME = AppIcon;
				CODE_SIGN_STYLE = Automatic;
				DEVELOPMENT_TEAM = FRVXASC334;
				INFOPLIST_FILE = lesson3.1/Info.plist;
				LD_RUNPATH_SEARCH_PATHS = (
					"$(inherited)",
					"@executable_path/Frameworks",
				);
				PRODUCT_BUNDLE_IDENTIFIER = "Zhassulan-Aimukhambetov.lesson3-1";
				PRODUCT_NAME = "$(TARGET_NAME)";
				SWIFT_VERSION = 5.0;
				TARGETED_DEVICE_FAMILY = "1,2";
			};
			name = Release;
		};
		F0A7904A23177B4A00069652 /* Debug */ = {
			isa = XCBuildConfiguration;
			buildSettings = {
				ALWAYS_EMBED_SWIFT_STANDARD_LIBRARIES = YES;
				BUNDLE_LOADER = "$(TEST_HOST)";
				CODE_SIGN_STYLE = Automatic;
				DEVELOPMENT_TEAM = FRVXASC334;
				INFOPLIST_FILE = lesson3.1Tests/Info.plist;
				LD_RUNPATH_SEARCH_PATHS = (
					"$(inherited)",
					"@executable_path/Frameworks",
					"@loader_path/Frameworks",
				);
				PRODUCT_BUNDLE_IDENTIFIER = "Zhassulan-Aimukhambetov.lesson3-1Tests";
				PRODUCT_NAME = "$(TARGET_NAME)";
				SWIFT_VERSION = 5.0;
				TARGETED_DEVICE_FAMILY = "1,2";
				TEST_HOST = "$(BUILT_PRODUCTS_DIR)/lesson3.1.app/lesson3.1";
			};
			name = Debug;
		};
		F0A7904B23177B4A00069652 /* Release */ = {
			isa = XCBuildConfiguration;
			buildSettings = {
				ALWAYS_EMBED_SWIFT_STANDARD_LIBRARIES = YES;
				BUNDLE_LOADER = "$(TEST_HOST)";
				CODE_SIGN_STYLE = Automatic;
				DEVELOPMENT_TEAM = FRVXASC334;
				INFOPLIST_FILE = lesson3.1Tests/Info.plist;
				LD_RUNPATH_SEARCH_PATHS = (
					"$(inherited)",
					"@executable_path/Frameworks",
					"@loader_path/Frameworks",
				);
				PRODUCT_BUNDLE_IDENTIFIER = "Zhassulan-Aimukhambetov.lesson3-1Tests";
				PRODUCT_NAME = "$(TARGET_NAME)";
				SWIFT_VERSION = 5.0;
				TARGETED_DEVICE_FAMILY = "1,2";
				TEST_HOST = "$(BUILT_PRODUCTS_DIR)/lesson3.1.app/lesson3.1";
			};
			name = Release;
		};
		F0A7904D23177B4A00069652 /* Debug */ = {
			isa = XCBuildConfiguration;
			buildSettings = {
				ALWAYS_EMBED_SWIFT_STANDARD_LIBRARIES = YES;
				CODE_SIGN_STYLE = Automatic;
				DEVELOPMENT_TEAM = FRVXASC334;
				INFOPLIST_FILE = lesson3.1UITests/Info.plist;
				LD_RUNPATH_SEARCH_PATHS = (
					"$(inherited)",
					"@executable_path/Frameworks",
					"@loader_path/Frameworks",
				);
				PRODUCT_BUNDLE_IDENTIFIER = "Zhassulan-Aimukhambetov.lesson3-1UITests";
				PRODUCT_NAME = "$(TARGET_NAME)";
				SWIFT_VERSION = 5.0;
				TARGETED_DEVICE_FAMILY = "1,2";
				TEST_TARGET_NAME = lesson3.1;
			};
			name = Debug;
		};
		F0A7904E23177B4A00069652 /* Release */ = {
			isa = XCBuildConfiguration;
			buildSettings = {
				ALWAYS_EMBED_SWIFT_STANDARD_LIBRARIES = YES;
				CODE_SIGN_STYLE = Automatic;
				DEVELOPMENT_TEAM = FRVXASC334;
				INFOPLIST_FILE = lesson3.1UITests/Info.plist;
				LD_RUNPATH_SEARCH_PATHS = (
					"$(inherited)",
					"@executable_path/Frameworks",
					"@loader_path/Frameworks",
				);
				PRODUCT_BUNDLE_IDENTIFIER = "Zhassulan-Aimukhambetov.lesson3-1UITests";
				PRODUCT_NAME = "$(TARGET_NAME)";
				SWIFT_VERSION = 5.0;
				TARGETED_DEVICE_FAMILY = "1,2";
				TEST_TARGET_NAME = lesson3.1;
			};
			name = Release;
		};
/* End XCBuildConfiguration section */

/* Begin XCConfigurationList section */
		F0A7901623177B4800069652 /* Build configuration list for PBXProject "lesson3.1" */ = {
			isa = XCConfigurationList;
			buildConfigurations = (
				F0A7904423177B4A00069652 /* Debug */,
				F0A7904523177B4A00069652 /* Release */,
			);
			defaultConfigurationIsVisible = 0;
			defaultConfigurationName = Release;
		};
		F0A7904623177B4A00069652 /* Build configuration list for PBXNativeTarget "lesson3.1" */ = {
			isa = XCConfigurationList;
			buildConfigurations = (
				F0A7904723177B4A00069652 /* Debug */,
				F0A7904823177B4A00069652 /* Release */,
			);
			defaultConfigurationIsVisible = 0;
			defaultConfigurationName = Release;
		};
		F0A7904923177B4A00069652 /* Build configuration list for PBXNativeTarget "lesson3.1Tests" */ = {
			isa = XCConfigurationList;
			buildConfigurations = (
				F0A7904A23177B4A00069652 /* Debug */,
				F0A7904B23177B4A00069652 /* Release */,
			);
			defaultConfigurationIsVisible = 0;
			defaultConfigurationName = Release;
		};
		F0A7904C23177B4A00069652 /* Build configuration list for PBXNativeTarget "lesson3.1UITests" */ = {
			isa = XCConfigurationList;
			buildConfigurations = (
				F0A7904D23177B4A00069652 /* Debug */,
				F0A7904E23177B4A00069652 /* Release */,
			);
			defaultConfigurationIsVisible = 0;
			defaultConfigurationName = Release;
		};
/* End XCConfigurationList section */

/* Begin XCVersionGroup section */
		F0A7902523177B4800069652 /* lesson3_1.xcdatamodeld */ = {
			isa = XCVersionGroup;
			children = (
				F0A7902623177B4800069652 /* lesson3_1.xcdatamodel */,
			);
			currentVersion = F0A7902623177B4800069652 /* lesson3_1.xcdatamodel */;
			path = lesson3_1.xcdatamodeld;
			sourceTree = "<group>";
			versionGroupType = wrapper.xcdatamodel;
		};
/* End XCVersionGroup section */
	};
	rootObject = F0A7901323177B4800069652 /* Project object */;
}
